
Microsoft Visual Studio Solution File, Format Version 12.00
Project("{FAE04EC0-301F-11D3-BF4B-00C04F79EFBC}") = "dndGame", "dndGame\dndGame.csproj", "{CEF9BFB2-75E4-4F7A-8D81-0892DBF71160}"
EndProject
Global
	GlobalSection(SolutionConfigurationPlatforms) = preSolution
		Debug|Any CPU = Debug|Any CPU
		Release|Any CPU = Release|Any CPU
	EndGlobalSection
	GlobalSection(ProjectConfigurationPlatforms) = postSolution
		{CEF9BFB2-75E4-4F7A-8D81-0892DBF71160}.Debug|Any CPU.ActiveCfg = Debug|Any CPU
		{CEF9BFB2-75E4-4F7A-8D81-0892DBF71160}.Debug|Any CPU.Build.0 = Debug|Any CPU
		{CEF9BFB2-75E4-4F7A-8D81-0892DBF71160}.Release|Any CPU.ActiveCfg = Release|Any CPU
		{CEF9BFB2-75E4-4F7A-8D81-0892DBF71160}.Release|Any CPU.Build.0 = Release|Any CPU
	EndGlobalSection
EndGlobal
