
Microsoft Visual Studio Solution File, Format Version 12.00
Project("{FAE04EC0-301F-11D3-BF4B-00C04F79EFBC}") = "hw30.03.26", "hw30.03.26\hw30.03.26.csproj", "{9EB3947C-9D41-44F8-A362-4312272B4B62}"
EndProject
Global
	GlobalSection(SolutionConfigurationPlatforms) = preSolution
		Debug|Any CPU = Debug|Any CPU
		Release|Any CPU = Release|Any CPU
	EndGlobalSection
	GlobalSection(ProjectConfigurationPlatforms) = postSolution
		{9EB3947C-9D41-44F8-A362-4312272B4B62}.Debug|Any CPU.ActiveCfg = Debug|Any CPU
		{9EB3947C-9D41-44F8-A362-4312272B4B62}.Debug|Any CPU.Build.0 = Debug|Any CPU
		{9EB3947C-9D41-44F8-A362-4312272B4B62}.Release|Any CPU.ActiveCfg = Release|Any CPU
		{9EB3947C-9D41-44F8-A362-4312272B4B62}.Release|Any CPU.Build.0 = Release|Any CPU
	EndGlobalSection
EndGlobal
